// !$*UTF8*$!
{
	archiveVersion = 1;
	classes = {
	};
	objectVersion = 46;
	objects = {

/* Begin PBXBuildFile section */
		6BF062951D219FB800731469 /* AppDelegate.swift in Sources */ = {isa = PBXBuildFile; fileRef = 6BF062941D219FB800731469 /* AppDelegate.swift */; };
		6BF062971D219FB800731469 /* GameScene.sks in Resources */ = {isa = PBXBuildFile; fileRef = 6BF062961D219FB800731469 /* GameScene.sks */; };
		6BF062991D219FB800731469 /* GameScene.swift in Sources */ = {isa = PBXBuildFile; fileRef = 6BF062981D219FB800731469 /* GameScene.swift */; };
		6BF0629B1D219FB800731469 /* GameViewController.swift in Sources */ = {isa = PBXBuildFile; fileRef = 6BF0629A1D219FB800731469 /* GameViewController.swift */; };
		6BF0629E1D219FB800731469 /* Main.storyboard in Resources */ = {isa = PBXBuildFile; fileRef = 6BF0629C1D219FB800731469 /* Main.storyboard */; };
		6BF062A01D219FB800731469 /* Assets.xcassets in Resources */ = {isa = PBXBuildFile; fileRef = 6BF0629F1D219FB800731469 /* Assets.xcassets */; };
		6BF062A31D219FB800731469 /* LaunchScreen.storyboard in Resources */ = {isa = PBXBuildFile; fileRef = 6BF062A11D219FB800731469 /* LaunchScreen.storyboard */; };
		6BF062AD1D21AFF600731469 /* Grid.swift in Sources */ = {isa = PBXBuildFile; fileRef = 6BF062AC1D21AFF600731469 /* Grid.swift */; };
		6BF062AF1D21B13200731469 /* Creature.swift in Sources */ = {isa = PBXBuildFile; fileRef = 6BF062AE1D21B13200731469 /* Creature.swift */; };
		6BF062C01D21C07000731469 /* MSButtonNode.swift in Sources */ = {isa = PBXBuildFile; fileRef = 6BF062B11D21C07000731469 /* MSButtonNode.swift */; };
		6BF062C11D21C07000731469 /* MSReferenceNode.swift in Sources */ = {isa = PBXBuildFile; fileRef = 6BF062B21D21C07000731469 /* MSReferenceNode.swift */; };
		6BF062C21D21C07000731469 /* CGFloat+Extensions.swift in Sources */ = {isa = PBXBuildFile; fileRef = 6BF062B41D21C07000731469 /* CGFloat+Extensions.swift */; };
		6BF062C31D21C07000731469 /* CGPoint+Extensions.swift in Sources */ = {isa = PBXBuildFile; fileRef = 6BF062B51D21C07000731469 /* CGPoint+Extensions.swift */; };
		6BF062C41D21C07000731469 /* CGVector+Extensions.swift in Sources */ = {isa = PBXBuildFile; fileRef = 6BF062B61D21C07000731469 /* CGVector+Extensions.swift */; };
		6BF062C51D21C07000731469 /* Int+Extensions.swift in Sources */ = {isa = PBXBuildFile; fileRef = 6BF062B71D21C07000731469 /* Int+Extensions.swift */; };
		6BF062C61D21C07000731469 /* SKAction+Extensions.swift in Sources */ = {isa = PBXBuildFile; fileRef = 6BF062B81D21C07000731469 /* SKAction+Extensions.swift */; };
		6BF062C71D21C07000731469 /* SKAction+SpecialEffects.swift in Sources */ = {isa = PBXBuildFile; fileRef = 6BF062B91D21C07000731469 /* SKAction+SpecialEffects.swift */; };
		6BF062C81D21C07000731469 /* SKColor+Extensions.swift in Sources */ = {isa = PBXBuildFile; fileRef = 6BF062BA1D21C07000731469 /* SKColor+Extensions.swift */; };
		6BF062C91D21C07000731469 /* SKNode+Extensions.swift in Sources */ = {isa = PBXBuildFile; fileRef = 6BF062BB1D21C07000731469 /* SKNode+Extensions.swift */; };
		6BF062CA1D21C07000731469 /* SKTAudio.swift in Sources */ = {isa = PBXBuildFile; fileRef = 6BF062BC1D21C07000731469 /* SKTAudio.swift */; };
		6BF062CB1D21C07000731469 /* SKTEffects.swift in Sources */ = {isa = PBXBuildFile; fileRef = 6BF062BD1D21C07000731469 /* SKTEffects.swift */; };
		6BF062CC1D21C07000731469 /* SKTTimingFunctions.swift in Sources */ = {isa = PBXBuildFile; fileRef = 6BF062BE1D21C07000731469 /* SKTTimingFunctions.swift */; };
		6BF062CD1D21C07000731469 /* Vector3.swift in Sources */ = {isa = PBXBuildFile; fileRef = 6BF062BF1D21C07000731469 /* Vector3.swift */; };
/* End PBXBuildFile section */

/* Begin PBXFileReference section */
		6BF062911D219FB800731469 /* gameoflife.app */ = {isa = PBXFileReference; explicitFileType = wrapper.application; includeInIndex = 0; path = gameoflife.app; sourceTree = BUILT_PRODUCTS_DIR; };
		6BF062941D219FB800731469 /* AppDelegate.swift */ = {isa = PBXFileReference; lastKnownFileType = sourcecode.swift; path = AppDelegate.swift; sourceTree = "<group>"; };
		6BF062961D219FB800731469 /* GameScene.sks */ = {isa = PBXFileReference; lastKnownFileType = file.sks; path = GameScene.sks; sourceTree = "<group>"; };
		6BF062981D219FB800731469 /* GameScene.swift */ = {isa = PBXFileReference; lastKnownFileType = sourcecode.swift; path = GameScene.swift; sourceTree = "<group>"; };
		6BF0629A1D219FB800731469 /* GameViewController.swift */ = {isa = PBXFileReference; lastKnownFileType = sourcecode.swift; path = GameViewController.swift; sourceTree = "<group>"; };
		6BF0629D1D219FB800731469 /* Base */ = {isa = PBXFileReference; lastKnownFileType = file.storyboard; name = Base; path = Base.lproj/Main.storyboard; sourceTree = "<group>"; };
		6BF0629F1D219FB800731469 /* Assets.xcassets */ = {isa = PBXFileReference; lastKnownFileType = folder.assetcatalog; path = Assets.xcassets; sourceTree = "<group>"; };
		6BF062A21D219FB800731469 /* Base */ = {isa = PBXFileReference; lastKnownFileType = file.storyboard; name = Base; path = Base.lproj/LaunchScreen.storyboard; sourceTree = "<group>"; };
		6BF062A41D219FB800731469 /* Info.plist */ = {isa = PBXFileReference; lastKnownFileType = text.plist.xml; path = Info.plist; sourceTree = "<group>"; };
		6BF062AC1D21AFF600731469 /* Grid.swift */ = {isa = PBXFileReference; fileEncoding = 4; lastKnownFileType = sourcecode.swift; path = Grid.swift; sourceTree = "<group>"; };
		6BF062AE1D21B13200731469 /* Creature.swift */ = {isa = PBXFileReference; fileEncoding = 4; lastKnownFileType = sourcecode.swift; path = Creature.swift; sourceTree = "<group>"; };
		6BF062B11D21C07000731469 /* MSButtonNode.swift */ = {isa = PBXFileReference; fileEncoding = 4; lastKnownFileType = sourcecode.swift; path = MSButtonNode.swift; sourceTree = "<group>"; };
		6BF062B21D21C07000731469 /* MSReferenceNode.swift */ = {isa = PBXFileReference; fileEncoding = 4; lastKnownFileType = sourcecode.swift; path = MSReferenceNode.swift; sourceTree = "<group>"; };
		6BF062B41D21C07000731469 /* CGFloat+Extensions.swift */ = {isa = PBXFileReference; fileEncoding = 4; lastKnownFileType = sourcecode.swift; path = "CGFloat+Extensions.swift"; sourceTree = "<group>"; };
		6BF062B51D21C07000731469 /* CGPoint+Extensions.swift */ = {isa = PBXFileReference; fileEncoding = 4; lastKnownFileType = sourcecode.swift; path = "CGPoint+Extensions.swift"; sourceTree = "<group>"; };
		6BF062B61D21C07000731469 /* CGVector+Extensions.swift */ = {isa = PBXFileReference; fileEncoding = 4; lastKnownFileType = sourcecode.swift; path = "CGVector+Extensions.swift"; sourceTree = "<group>"; };
		6BF062B71D21C07000731469 /* Int+Extensions.swift */ = {isa = PBXFileReference; fileEncoding = 4; lastKnownFileType = sourcecode.swift; path = "Int+Extensions.swift"; sourceTree = "<group>"; };
		6BF062B81D21C07000731469 /* SKAction+Extensions.swift */ = {isa = PBXFileReference; fileEncoding = 4; lastKnownFileType = sourcecode.swift; path = "SKAction+Extensions.swift"; sourceTree = "<group>"; };
		6BF062B91D21C07000731469 /* SKAction+SpecialEffects.swift */ = {isa = PBXFileReference; fileEncoding = 4; lastKnownFileType = sourcecode.swift; path = "SKAction+SpecialEffects.swift"; sourceTree = "<group>"; };
		6BF062BA1D21C07000731469 /* SKColor+Extensions.swift */ = {isa = PBXFileReference; fileEncoding = 4; lastKnownFileType = sourcecode.swift; path = "SKColor+Extensions.swift"; sourceTree = "<group>"; };
		6BF062BB1D21C07000731469 /* SKNode+Extensions.swift */ = {isa = PBXFileReference; fileEncoding = 4; lastKnownFileType = sourcecode.swift; path = "SKNode+Extensions.swift"; sourceTree = "<group>"; };
		6BF062BC1D21C07000731469 /* SKTAudio.swift */ = {isa = PBXFileReference; fileEncoding = 4; lastKnownFileType = sourcecode.swift; path = SKTAudio.swift; sourceTree = "<group>"; };
		6BF062BD1D21C07000731469 /* SKTEffects.swift */ = {isa = PBXFileReference; fileEncoding = 4; lastKnownFileType = sourcecode.swift; path = SKTEffects.swift; sourceTree = "<group>"; };
		6BF062BE1D21C07000731469 /* SKTTimingFunctions.swift */ = {isa = PBXFileReference; fileEncoding = 4; lastKnownFileType = sourcecode.swift; path = SKTTimingFunctions.swift; sourceTree = "<group>"; };
		6BF062BF1D21C07000731469 /* Vector3.swift */ = {isa = PBXFileReference; fileEncoding = 4; lastKnownFileType = sourcecode.swift; path = Vector3.swift; sourceTree = "<group>"; };
/* End PBXFileReference section */

/* Begin PBXFrameworksBuildPhase section */
		6BF0628E1D219FB800731469 /* Frameworks */ = {
			isa = PBXFrameworksBuildPhase;
			buildActionMask = 2147483647;
			files = (
			);
			runOnlyForDeploymentPostprocessing = 0;
		};
/* End PBXFrameworksBuildPhase section */

/* Begin PBXGroup section */
		6BF062881D219FB800731469 = {
			isa = PBXGroup;
			children = (
				6BF062931D219FB800731469 /* gameoflife */,
				6BF062921D219FB800731469 /* Products */,
			);
			sourceTree = "<group>";
		};
		6BF062921D219FB800731469 /* Products */ = {
			isa = PBXGroup;
			children = (
				6BF062911D219FB800731469 /* gameoflife.app */,
			);
			name = Products;
			sourceTree = "<group>";
		};
		6BF062931D219FB800731469 /* gameoflife */ = {
			isa = PBXGroup;
			children = (
				6BF062B01D21C07000731469 /* Utils */,
				6BF062941D219FB800731469 /* AppDelegate.swift */,
				6BF062961D219FB800731469 /* GameScene.sks */,
				6BF062981D219FB800731469 /* GameScene.swift */,
				6BF0629A1D219FB800731469 /* GameViewController.swift */,
				6BF0629C1D219FB800731469 /* Main.storyboard */,
				6BF0629F1D219FB800731469 /* Assets.xcassets */,
				6BF062A11D219FB800731469 /* LaunchScreen.storyboard */,
				6BF062A41D219FB800731469 /* Info.plist */,
				6BF062AC1D21AFF600731469 /* Grid.swift */,
				6BF062AE1D21B13200731469 /* Creature.swift */,
			);
			path = gameoflife;
			sourceTree = "<group>";
		};
		6BF062B01D21C07000731469 /* Utils */ = {
			isa = PBXGroup;
			children = (
				6BF062B11D21C07000731469 /* MSButtonNode.swift */,
				6BF062B21D21C07000731469 /* MSReferenceNode.swift */,
				6BF062B31D21C07000731469 /* SKTUtils */,
			);
			path = Utils;
			sourceTree = "<group>";
		};
		6BF062B31D21C07000731469 /* SKTUtils */ = {
			isa = PBXGroup;
			children = (
				6BF062B41D21C07000731469 /* CGFloat+Extensions.swift */,
				6BF062B51D21C07000731469 /* CGPoint+Extensions.swift */,
				6BF062B61D21C07000731469 /* CGVector+Extensions.swift */,
				6BF062B71D21C07000731469 /* Int+Extensions.swift */,
				6BF062B81D21C07000731469 /* SKAction+Extensions.swift */,
				6BF062B91D21C07000731469 /* SKAction+SpecialEffects.swift */,
				6BF062BA1D21C07000731469 /* SKColor+Extensions.swift */,
				6BF062BB1D21C07000731469 /* SKNode+Extensions.swift */,
				6BF062BC1D21C07000731469 /* SKTAudio.swift */,
				6BF062BD1D21C07000731469 /* SKTEffects.swift */,
				6BF062BE1D21C07000731469 /* SKTTimingFunctions.swift */,
				6BF062BF1D21C07000731469 /* Vector3.swift */,
			);
			path = SKTUtils;
			sourceTree = "<group>";
		};
/* End PBXGroup section */

/* Begin PBXNativeTarget section */
		6BF062901D219FB800731469 /* gameoflife */ = {
			isa = PBXNativeTarget;
			buildConfigurationList = 6BF062A71D219FB800731469 /* Build configuration list for PBXNativeTarget "gameoflife" */;
			buildPhases = (
				6BF0628D1D219FB800731469 /* Sources */,
				6BF0628E1D219FB800731469 /* Frameworks */,
				6BF0628F1D219FB800731469 /* Resources */,
			);
			buildRules = (
			);
			dependencies = (
			);
			name = gameoflife;
			productName = gameoflife;
			productReference = 6BF062911D219FB800731469 /* gameoflife.app */;
			productType = "com.apple.product-type.application";
		};
/* End PBXNativeTarget section */

/* Begin PBXProject section */
		6BF062891D219FB800731469 /* Project object */ = {
			isa = PBXProject;
			attributes = {
				LastSwiftUpdateCheck = 0730;
				LastUpgradeCheck = 0730;
				ORGANIZATIONNAME = Kafilah;
				TargetAttributes = {
					6BF062901D219FB800731469 = {
						CreatedOnToolsVersion = 7.3.1;
					};
				};
			};
			buildConfigurationList = 6BF0628C1D219FB800731469 /* Build configuration list for PBXProject "gameoflife" */;
			compatibilityVersion = "Xcode 3.2";
			developmentRegion = English;
			hasScannedForEncodings = 0;
			knownRegions = (
				en,
				Base,
			);
			mainGroup = 6BF062881D219FB800731469;
			productRefGroup = 6BF062921D219FB800731469 /* Products */;
			projectDirPath = "";
			projectRoot = "";
			targets = (
				6BF062901D219FB800731469 /* gameoflife */,
			);
		};
/* End PBXProject section */

/* Begin PBXResourcesBuildPhase section */
		6BF0628F1D219FB800731469 /* Resources */ = {
			isa = PBXResourcesBuildPhase;
			buildActionMask = 2147483647;
			files = (
				6BF062971D219FB800731469 /* GameScene.sks in Resources */,
				6BF062A31D219FB800731469 /* LaunchScreen.storyboard in Resources */,
				6BF062A01D219FB800731469 /* Assets.xcassets in Resources */,
				6BF0629E1D219FB800731469 /* Main.storyboard in Resources */,
			);
			runOnlyForDeploymentPostprocessing = 0;
		};
/* End PBXResourcesBuildPhase section */

/* Begin PBXSourcesBuildPhase section */
		6BF0628D1D219FB800731469 /* Sources */ = {
			isa = PBXSourcesBuildPhase;
			buildActionMask = 2147483647;
			files = (
				6BF062C41D21C07000731469 /* CGVector+Extensions.swift in Sources */,
				6BF062C11D21C07000731469 /* MSReferenceNode.swift in Sources */,
				6BF062C91D21C07000731469 /* SKNode+Extensions.swift in Sources */,
				6BF062991D219FB800731469 /* GameScene.swift in Sources */,
				6BF062C61D21C07000731469 /* SKAction+Extensions.swift in Sources */,
				6BF0629B1D219FB800731469 /* GameViewController.swift in Sources */,
				6BF062951D219FB800731469 /* AppDelegate.swift in Sources */,
				6BF062C31D21C07000731469 /* CGPoint+Extensions.swift in Sources */,
				6BF062C71D21C07000731469 /* SKAction+SpecialEffects.swift in Sources */,
				6BF062C01D21C07000731469 /* MSButtonNode.swift in Sources */,
				6BF062CC1D21C07000731469 /* SKTTimingFunctions.swift in Sources */,
				6BF062C81D21C07000731469 /* SKColor+Extensions.swift in Sources */,
				6BF062C51D21C07000731469 /* Int+Extensions.swift in Sources */,
				6BF062AF1D21B13200731469 /* Creature.swift in Sources */,
				6BF062CA1D21C07000731469 /* SKTAudio.swift in Sources */,
				6BF062C21D21C07000731469 /* CGFloat+Extensions.swift in Sources */,
				6BF062CB1D21C07000731469 /* SKTEffects.swift in Sources */,
				6BF062CD1D21C07000731469 /* Vector3.swift in Sources */,
				6BF062AD1D21AFF600731469 /* Grid.swift in Sources */,
			);
			runOnlyForDeploymentPostprocessing = 0;
		};
/* End PBXSourcesBuildPhase section */

/* Begin PBXVariantGroup section */
		6BF0629C1D219FB800731469 /* Main.storyboard */ = {
			isa = PBXVariantGroup;
			children = (
				6BF0629D1D219FB800731469 /* Base */,
			);
			name = Main.storyboard;
			sourceTree = "<group>";
		};
		6BF062A11D219FB800731469 /* LaunchScreen.storyboard */ = {
			isa = PBXVariantGroup;
			children = (
				6BF062A21D219FB800731469 /* Base */,
			);
			name = LaunchScreen.storyboard;
			sourceTree = "<group>";
		};
/* End PBXVariantGroup section */

/* Begin XCBuildConfiguration section */
		6BF062A51D219FB800731469 /* Debug */ = {
			isa = XCBuildConfiguration;
			buildSettings = {
				ALWAYS_SEARCH_USER_PATHS = NO;
				CLANG_ANALYZER_NONNULL = YES;
				CLANG_CXX_LANGUAGE_STANDARD = "gnu++0x";
				CLANG_CXX_LIBRARY = "libc++";
				CLANG_ENABLE_MODULES = YES;
				CLANG_ENABLE_OBJC_ARC = YES;
				CLANG_WARN_BOOL_CONVERSION = YES;
				CLANG_WARN_CONSTANT_CONVERSION = YES;
				CLANG_WARN_DIRECT_OBJC_ISA_USAGE = YES_ERROR;
				CLANG_WARN_EMPTY_BODY = YES;
				CLANG_WARN_ENUM_CONVERSION = YES;
				CLANG_WARN_INT_CONVERSION = YES;
				CLANG_WARN_OBJC_ROOT_CLASS = YES_ERROR;
				CLANG_WARN_UNREACHABLE_CODE = YES;
				CLANG_WARN__DUPLICATE_METHOD_MATCH = YES;
				"CODE_SIGN_IDENTITY[sdk=iphoneos*]" = "iPhone Developer";
				COPY_PHASE_STRIP = NO;
				DEBUG_INFORMATION_FORMAT = "dwarf-with-dsym";
				ENABLE_STRICT_OBJC_MSGSEND = YES;
				ENABLE_TESTABILITY = YES;
				GCC_C_LANGUAGE_STANDARD = gnu99;
				GCC_DYNAMIC_NO_PIC = NO;
				GCC_NO_COMMON_BLOCKS = YES;
				GCC_OPTIMIZATION_LEVEL = 0;
				GCC_PREPROCESSOR_DEFINITIONS = (
					"DEBUG=1",
					"$(inherited)",
				);
				GCC_WARN_64_TO_32_BIT_CONVERSION = YES;
				GCC_WARN_ABOUT_RETURN_TYPE = YES_ERROR;
				GCC_WARN_UNDECLARED_SELECTOR = YES;
				GCC_WARN_UNINITIALIZED_AUTOS = YES_AGGRESSIVE;
				GCC_WARN_UNUSED_FUNCTION = YES;
				GCC_WARN_UNUSED_VARIABLE = YES;
				IPHONEOS_DEPLOYMENT_TARGET = 9.3;
				MTL_ENABLE_DEBUG_INFO = YES;
				ONLY_ACTIVE_ARCH = YES;
				SDKROOT = iphoneos;
				SWIFT_OPTIMIZATION_LEVEL = "-Onone";
			};
			name = Debug;
		};
		6BF062A61D219FB800731469 /* Release */ = {
			isa = XCBuildConfiguration;
			buildSettings = {
				ALWAYS_SEARCH_USER_PATHS = NO;
				CLANG_ANALYZER_NONNULL = YES;
				CLANG_CXX_LANGUAGE_STANDARD = "gnu++0x";
				CLANG_CXX_LIBRARY = "libc++";
				CLANG_ENABLE_MODULES = YES;
				CLANG_ENABLE_OBJC_ARC = YES;
				CLANG_WARN_BOOL_CONVERSION = YES;
				CLANG_WARN_CONSTANT_CONVERSION = YES;
				CLANG_WARN_DIRECT_OBJC_ISA_USAGE = YES_ERROR;
				CLANG_WARN_EMPTY_BODY = YES;
				CLANG_WARN_ENUM_CONVERSION = YES;
				CLANG_WARN_INT_CONVERSION = YES;
				CLANG_WARN_OBJC_ROOT_CLASS = YES_ERROR;
				CLANG_WARN_UNREACHABLE_CODE = YES;
				CLANG_WARN__DUPLICATE_METHOD_MATCH = YES;
				"CODE_SIGN_IDENTITY[sdk=iphoneos*]" = "iPhone Developer";
				COPY_PHASE_STRIP = NO;
				DEBUG_INFORMATION_FORMAT = "dwarf-with-dsym";
				ENABLE_NS_ASSERTIONS = NO;
				ENABLE_STRICT_OBJC_MSGSEND = YES;
				GCC_C_LANGUAGE_STANDARD = gnu99;
				GCC_NO_COMMON_BLOCKS = YES;
				GCC_WARN_64_TO_32_BIT_CONVERSION = YES;
				GCC_WARN_ABOUT_RETURN_TYPE = YES_ERROR;
				GCC_WARN_UNDECLARED_SELECTOR = YES;
				GCC_WARN_UNINITIALIZED_AUTOS = YES_AGGRESSIVE;
				GCC_WARN_UNUSED_FUNCTION = YES;
				GCC_WARN_UNUSED_VARIABLE = YES;
				IPHONEOS_DEPLOYMENT_TARGET = 9.3;
				MTL_ENABLE_DEBUG_INFO = NO;
				SDKROOT = iphoneos;
				VALIDATE_PRODUCT = YES;
			};
			name = Release;
		};
		6BF062A81D219FB800731469 /* Debug */ = {
			isa = XCBuildConfiguration;
			buildSettings = {
				ASSETCATALOG_COMPILER_APPICON_NAME = AppIcon;
				INFOPLIST_FILE = gameoflife/Info.plist;
				LD_RUNPATH_SEARCH_PATHS = "$(inherited) @executable_path/Frameworks";
				PRODUCT_BUNDLE_IDENTIFIER = me.kafilah.gameoflife;
				PRODUCT_NAME = "$(TARGET_NAME)";
			};
			name = Debug;
		};
		6BF062A91D219FB800731469 /* Release */ = {
			isa = XCBuildConfiguration;
			buildSettings = {
				ASSETCATALOG_COMPILER_APPICON_NAME = AppIcon;
				INFOPLIST_FILE = gameoflife/Info.plist;
				LD_RUNPATH_SEARCH_PATHS = "$(inherited) @executable_path/Frameworks";
				PRODUCT_BUNDLE_IDENTIFIER = me.kafilah.gameoflife;
				PRODUCT_NAME = "$(TARGET_NAME)";
			};
			name = Release;
		};
/* End XCBuildConfiguration section */

/* Begin XCConfigurationList section */
		6BF0628C1D219FB800731469 /* Build configuration list for PBXProject "gameoflife" */ = {
			isa = XCConfigurationList;
			buildConfigurations = (
				6BF062A51D219FB800731469 /* Debug */,
				6BF062A61D219FB800731469 /* Release */,
			);
			defaultConfigurationIsVisible = 0;
			defaultConfigurationName = Release;
		};
		6BF062A71D219FB800731469 /* Build configuration list for PBXNativeTarget "gameoflife" */ = {
			isa = XCConfigurationList;
			buildConfigurations = (
				6BF062A81D219FB800731469 /* Debug */,
				6BF062A91D219FB800731469 /* Release */,
			);
			defaultConfigurationIsVisible = 0;
		};
/* End XCConfigurationList section */
	};
	rootObject = 6BF062891D219FB800731469 /* Project object */;
}
